
Microsoft Visual Studio Solution File, Format Version 12.00
# Visual Studio Version 16
VisualStudioVersion = 16.0.31605.320
MinimumVisualStudioVersion = 10.0.40219.1
Project("{FAE04EC0-301F-11D3-BF4B-00C04F79EFBC}") = "CountryDropdown", "CountryDropdown\CountryDropdown.csproj", "{5034A4E6-B845-4634-B4D4-8706AD9FAE22}"
EndProject
Global
	GlobalSection(SolutionConfigurationPlatforms) = preSolution
		Debug|Any CPU = Debug|Any CPU
		Release|Any CPU = Release|Any CPU
	EndGlobalSection
	GlobalSection(ProjectConfigurationPlatforms) = postSolution
		{5034A4E6-B845-4634-B4D4-8706AD9FAE22}.Debug|Any CPU.ActiveCfg = Debug|Any CPU
		{5034A4E6-B845-4634-B4D4-8706AD9FAE22}.Debug|Any CPU.Build.0 = Debug|Any CPU
		{5034A4E6-B845-4634-B4D4-8706AD9FAE22}.Release|Any CPU.ActiveCfg = Release|Any CPU
		{5034A4E6-B845-4634-B4D4-8706AD9FAE22}.Release|Any CPU.Build.0 = Release|Any CPU
	EndGlobalSection
	GlobalSection(SolutionProperties) = preSolution
		HideSolutionNode = FALSE
	EndGlobalSection
	GlobalSection(ExtensibilityGlobals) = postSolution
		SolutionGuid = {695D75B1-AFFB-472D-84BE-C4F65565726F}
	EndGlobalSection
EndGlobal
